
Microsoft Visual Studio Solution File, Format Version 12.00
# Visual Studio 15
VisualStudioVersion = 15.0.28307.421
MinimumVisualStudioVersion = 10.0.40219.1
Project("{FAE04EC0-301F-11D3-BF4B-00C04F79EFBC}") = "InlinedotsMyBlogApi", "InlinedotsMyBlogApi\InlinedotsMyBlogApi.csproj", "{EACC9DFB-21C9-41CC-BC88-8588B5C7682C}"
EndProject
Project("{FAE04EC0-301F-11D3-BF4B-00C04F79EFBC}") = "InlinedotsMyBlogApi.Models", "InlinedotsMyBlogApi.Models\InlinedotsMyBlogApi.Models.csproj", "{A920F1EC-1B80-4A9F-B2F9-40EDD52C6901}"
EndProject
Project("{FAE04EC0-301F-11D3-BF4B-00C04F79EFBC}") = "InlinedotsMyBlogApi.Services", "InlinedotsMyBlogApi.Services\InlinedotsMyBlogApi.Services.csproj", "{5FA13D30-96F5-486D-A1ED-DC742671C1EF}"
EndProject
Global
	GlobalSection(SolutionConfigurationPlatforms) = preSolution
		Debug|Any CPU = Debug|Any CPU
		Release|Any CPU = Release|Any CPU
	EndGlobalSection
	GlobalSection(ProjectConfigurationPlatforms) = postSolution
		{EACC9DFB-21C9-41CC-BC88-8588B5C7682C}.Debug|Any CPU.ActiveCfg = Debug|Any CPU
		{EACC9DFB-21C9-41CC-BC88-8588B5C7682C}.Debug|Any CPU.Build.0 = Debug|Any CPU
		{EACC9DFB-21C9-41CC-BC88-8588B5C7682C}.Release|Any CPU.ActiveCfg = Release|Any CPU
		{EACC9DFB-21C9-41CC-BC88-8588B5C7682C}.Release|Any CPU.Build.0 = Release|Any CPU
		{A920F1EC-1B80-4A9F-B2F9-40EDD52C6901}.Debug|Any CPU.ActiveCfg = Debug|Any CPU
		{A920F1EC-1B80-4A9F-B2F9-40EDD52C6901}.Debug|Any CPU.Build.0 = Debug|Any CPU
		{A920F1EC-1B80-4A9F-B2F9-40EDD52C6901}.Release|Any CPU.ActiveCfg = Release|Any CPU
		{A920F1EC-1B80-4A9F-B2F9-40EDD52C6901}.Release|Any CPU.Build.0 = Release|Any CPU
		{5FA13D30-96F5-486D-A1ED-DC742671C1EF}.Debug|Any CPU.ActiveCfg = Debug|Any CPU
		{5FA13D30-96F5-486D-A1ED-DC742671C1EF}.Debug|Any CPU.Build.0 = Debug|Any CPU
		{5FA13D30-96F5-486D-A1ED-DC742671C1EF}.Release|Any CPU.ActiveCfg = Release|Any CPU
		{5FA13D30-96F5-486D-A1ED-DC742671C1EF}.Release|Any CPU.Build.0 = Release|Any CPU
	EndGlobalSection
	GlobalSection(SolutionProperties) = preSolution
		HideSolutionNode = FALSE
	EndGlobalSection
	GlobalSection(ExtensibilityGlobals) = postSolution
		SolutionGuid = {3F271CDD-F46E-4935-85D0-C15AF18517E7}
	EndGlobalSection
EndGlobal
